
Microsoft Visual Studio Solution File, Format Version 12.00
Project("{FAE04EC0-301F-11D3-BF4B-00C04F79EFBC}") = "Store.Api", "Store.Api\Store.Api.csproj", "{F262881C-D19B-4568-A22F-08B58D17312F}"
EndProject
Project("{FAE04EC0-301F-11D3-BF4B-00C04F79EFBC}") = "Store.Model", "Store.Model\Store.Model.csproj", "{DC16E572-8C23-4621-9B14-C6B22BA86E6B}"
EndProject
Project("{FAE04EC0-301F-11D3-BF4B-00C04F79EFBC}") = "Store.Service", "Store.Service\Store.Service.csproj", "{C9042A7F-F75A-494A-B8A0-2EF2C4EDCF21}"
EndProject
Global
	GlobalSection(SolutionConfigurationPlatforms) = preSolution
		Debug|Any CPU = Debug|Any CPU
		Release|Any CPU = Release|Any CPU
	EndGlobalSection
	GlobalSection(ProjectConfigurationPlatforms) = postSolution
		{F262881C-D19B-4568-A22F-08B58D17312F}.Debug|Any CPU.ActiveCfg = Debug|Any CPU
		{F262881C-D19B-4568-A22F-08B58D17312F}.Debug|Any CPU.Build.0 = Debug|Any CPU
		{F262881C-D19B-4568-A22F-08B58D17312F}.Release|Any CPU.ActiveCfg = Release|Any CPU
		{F262881C-D19B-4568-A22F-08B58D17312F}.Release|Any CPU.Build.0 = Release|Any CPU
		{DC16E572-8C23-4621-9B14-C6B22BA86E6B}.Debug|Any CPU.ActiveCfg = Debug|Any CPU
		{DC16E572-8C23-4621-9B14-C6B22BA86E6B}.Debug|Any CPU.Build.0 = Debug|Any CPU
		{DC16E572-8C23-4621-9B14-C6B22BA86E6B}.Release|Any CPU.ActiveCfg = Release|Any CPU
		{DC16E572-8C23-4621-9B14-C6B22BA86E6B}.Release|Any CPU.Build.0 = Release|Any CPU
		{C9042A7F-F75A-494A-B8A0-2EF2C4EDCF21}.Debug|Any CPU.ActiveCfg = Debug|Any CPU
		{C9042A7F-F75A-494A-B8A0-2EF2C4EDCF21}.Debug|Any CPU.Build.0 = Debug|Any CPU
		{C9042A7F-F75A-494A-B8A0-2EF2C4EDCF21}.Release|Any CPU.ActiveCfg = Release|Any CPU
		{C9042A7F-F75A-494A-B8A0-2EF2C4EDCF21}.Release|Any CPU.Build.0 = Release|Any CPU
	EndGlobalSection
EndGlobal
